
Microsoft Visual Studio Solution File, Format Version 12.00
# Visual Studio Version 17
VisualStudioVersion = 17.14.36414.22 d17.14
MinimumVisualStudioVersion = 10.0.40219.1
Project("{FAE04EC0-301F-11D3-BF4B-00C04F79EFBC}") = "ResourceManagementSystem", "ResourceManagementSystem\ResourceManagementSystem.csproj", "{5B931FCD-7BB2-4BDF-A982-EB057EC8E596}"
EndProject
Global
	GlobalSection(SolutionConfigurationPlatforms) = preSolution
		Debug|Any CPU = Debug|Any CPU
		Release|Any CPU = Release|Any CPU
	EndGlobalSection
	GlobalSection(ProjectConfigurationPlatforms) = postSolution
		{5B931FCD-7BB2-4BDF-A982-EB057EC8E596}.Debug|Any CPU.ActiveCfg = Debug|Any CPU
		{5B931FCD-7BB2-4BDF-A982-EB057EC8E596}.Debug|Any CPU.Build.0 = Debug|Any CPU
		{5B931FCD-7BB2-4BDF-A982-EB057EC8E596}.Release|Any CPU.ActiveCfg = Release|Any CPU
		{5B931FCD-7BB2-4BDF-A982-EB057EC8E596}.Release|Any CPU.Build.0 = Release|Any CPU
	EndGlobalSection
	GlobalSection(SolutionProperties) = preSolution
		HideSolutionNode = FALSE
	EndGlobalSection
	GlobalSection(ExtensibilityGlobals) = postSolution
		SolutionGuid = {B1750F25-CA73-4CC9-A3DF-B4C5510F2561}
	EndGlobalSection
EndGlobal
